
Microsoft Visual Studio Solution File, Format Version 12.00
# Visual Studio Version 17
VisualStudioVersion = 17.7.34024.191
MinimumVisualStudioVersion = 10.0.40219.1
Project("{8BC9CEB8-8B4A-11D0-8D11-00A0C91BC942}") = "FirstConsoleApplication", "FirstConsoleApplication\FirstConsoleApplication.vcxproj", "{76427869-A0CE-46C2-9721-86618419361C}"
EndProject
Project("{2150E333-8FDC-42A3-9474-1A3956D46DE8}") = "01. Podstawy", "01. Podstawy", "{A51217C8-FD5D-4CF7-BEEE-C7572840B5F8}"
EndProject
Project("{2150E333-8FDC-42A3-9474-1A3956D46DE8}") = "02. Instrukcje decyzycne", "02. Instrukcje decyzycne", "{9F7F78FE-4C6D-48B1-84C8-432BAC8F2CFF}"
EndProject
Project("{8BC9CEB8-8B4A-11D0-8D11-00A0C91BC942}") = "InstrucionIfConsoleApplication", "InstrucionIfConsoleApplication\InstrucionIfConsoleApplication.vcxproj", "{413EE6FC-EDF6-4B38-8560-43A5B33AA1C5}"
EndProject
Project("{8BC9CEB8-8B4A-11D0-8D11-00A0C91BC942}") = "LoopConsoleAplication", "LoopConsoleAplication\LoopConsoleAplication.vcxproj", "{D09F42B8-E2D8-4C3A-A7BA-4150F4950AAA}"
EndProject
Project("{2150E333-8FDC-42A3-9474-1A3956D46DE8}") = "03. kolekcje", "03. kolekcje", "{5C336447-C9F4-43FB-9325-4A7A8F788351}"
EndProject
Project("{8BC9CEB8-8B4A-11D0-8D11-00A0C91BC942}") = "StringConsoleApplication", "StringConsoleApplication\StringConsoleApplication.vcxproj", "{0AFFABD0-75B8-435E-B6EC-C22B2E12D59C}"
EndProject
Project("{8BC9CEB8-8B4A-11D0-8D11-00A0C91BC942}") = "ArrayConsoleApplication", "ArrayConsoleApplication\ArrayConsoleApplication.vcxproj", "{230F49A7-2269-4CD9-96C2-2560E0533F42}"
EndProject
Project("{2150E333-8FDC-42A3-9474-1A3956D46DE8}") = "05 struct", "05 struct", "{6F53FA16-1753-4111-8D6A-A6D26A9F8009}"
EndProject
Project("{8BC9CEB8-8B4A-11D0-8D11-00A0C91BC942}") = "StructConsoleApplication", "StructConsoleApplication\StructConsoleApplication.vcxproj", "{CB21BCA3-87F6-4CD9-BB25-6A02E2ABE9DC}"
EndProject
Project("{2150E333-8FDC-42A3-9474-1A3956D46DE8}") = "Programowanie strukturalne", "Programowanie strukturalne", "{E58ED74C-3801-4585-A3BD-8111786E6E34}"
EndProject
Project("{2150E333-8FDC-42A3-9474-1A3956D46DE8}") = "Programowanie obiektowe", "Programowanie obiektowe", "{B38576A6-50FF-4DEF-9293-AFEDC99B4F59}"
EndProject
Project("{2150E333-8FDC-42A3-9474-1A3956D46DE8}") = "01.Podstawy", "01.Podstawy", "{B4EA1B38-8EE4-45DC-BD09-58B9137609DF}"
EndProject
Project("{8BC9CEB8-8B4A-11D0-8D11-00A0C91BC942}") = "FirstObjectConsoleApplication", "FirstObjectConsoleApplication\FirstObjectConsoleApplication.vcxproj", "{DCA27648-F838-4EF0-B780-5B12683B98CD}"
EndProject
Project("{2150E333-8FDC-42A3-9474-1A3956D46DE8}") = "02.dziedziczenie", "02.dziedziczenie", "{F3A0FB7C-2CCE-4EA2-A779-CE120BCBAFE3}"
EndProject
Project("{8BC9CEB8-8B4A-11D0-8D11-00A0C91BC942}") = "FirstInheritanceConsoleApplication", "FirstInheritanceConsoleApplication\FirstInheritanceConsoleApplication.vcxproj", "{92D385A3-BF3D-4794-BF6E-B19148F950CE}"
EndProject
Global
	GlobalSection(SolutionConfigurationPlatforms) = preSolution
		Debug|x64 = Debug|x64
		Debug|x86 = Debug|x86
		Release|x64 = Release|x64
		Release|x86 = Release|x86
	EndGlobalSection
	GlobalSection(ProjectConfigurationPlatforms) = postSolution
		{76427869-A0CE-46C2-9721-86618419361C}.Debug|x64.ActiveCfg = Debug|x64
		{76427869-A0CE-46C2-9721-86618419361C}.Debug|x64.Build.0 = Debug|x64
		{76427869-A0CE-46C2-9721-86618419361C}.Debug|x86.ActiveCfg = Debug|Win32
		{76427869-A0CE-46C2-9721-86618419361C}.Debug|x86.Build.0 = Debug|Win32
		{76427869-A0CE-46C2-9721-86618419361C}.Release|x64.ActiveCfg = Release|x64
		{76427869-A0CE-46C2-9721-86618419361C}.Release|x64.Build.0 = Release|x64
		{76427869-A0CE-46C2-9721-86618419361C}.Release|x86.ActiveCfg = Release|Win32
		{76427869-A0CE-46C2-9721-86618419361C}.Release|x86.Build.0 = Release|Win32
		{413EE6FC-EDF6-4B38-8560-43A5B33AA1C5}.Debug|x64.ActiveCfg = Debug|x64
		{413EE6FC-EDF6-4B38-8560-43A5B33AA1C5}.Debug|x64.Build.0 = Debug|x64
		{413EE6FC-EDF6-4B38-8560-43A5B33AA1C5}.Debug|x86.ActiveCfg = Debug|Win32
		{413EE6FC-EDF6-4B38-8560-43A5B33AA1C5}.Debug|x86.Build.0 = Debug|Win32
		{413EE6FC-EDF6-4B38-8560-43A5B33AA1C5}.Release|x64.ActiveCfg = Release|x64
		{413EE6FC-EDF6-4B38-8560-43A5B33AA1C5}.Release|x64.Build.0 = Release|x64
		{413EE6FC-EDF6-4B38-8560-43A5B33AA1C5}.Release|x86.ActiveCfg = Release|Win32
		{413EE6FC-EDF6-4B38-8560-43A5B33AA1C5}.Release|x86.Build.0 = Release|Win32
		{D09F42B8-E2D8-4C3A-A7BA-4150F4950AAA}.Debug|x64.ActiveCfg = Debug|x64
		{D09F42B8-E2D8-4C3A-A7BA-4150F4950AAA}.Debug|x64.Build.0 = Debug|x64
		{D09F42B8-E2D8-4C3A-A7BA-4150F4950AAA}.Debug|x86.ActiveCfg = Debug|Win32
		{D09F42B8-E2D8-4C3A-A7BA-4150F4950AAA}.Debug|x86.Build.0 = Debug|Win32
		{D09F42B8-E2D8-4C3A-A7BA-4150F4950AAA}.Release|x64.ActiveCfg = Release|x64
		{D09F42B8-E2D8-4C3A-A7BA-4150F4950AAA}.Release|x64.Build.0 = Release|x64
		{D09F42B8-E2D8-4C3A-A7BA-4150F4950AAA}.Release|x86.ActiveCfg = Release|Win32
		{D09F42B8-E2D8-4C3A-A7BA-4150F4950AAA}.Release|x86.Build.0 = Release|Win32
		{0AFFABD0-75B8-435E-B6EC-C22B2E12D59C}.Debug|x64.ActiveCfg = Debug|x64
		{0AFFABD0-75B8-435E-B6EC-C22B2E12D59C}.Debug|x64.Build.0 = Debug|x64
		{0AFFABD0-75B8-435E-B6EC-C22B2E12D59C}.Debug|x86.ActiveCfg = Debug|Win32
		{0AFFABD0-75B8-435E-B6EC-C22B2E12D59C}.Debug|x86.Build.0 = Debug|Win32
		{0AFFABD0-75B8-435E-B6EC-C22B2E12D59C}.Release|x64.ActiveCfg = Release|x64
		{0AFFABD0-75B8-435E-B6EC-C22B2E12D59C}.Release|x64.Build.0 = Release|x64
		{0AFFABD0-75B8-435E-B6EC-C22B2E12D59C}.Release|x86.ActiveCfg = Release|Win32
		{0AFFABD0-75B8-435E-B6EC-C22B2E12D59C}.Release|x86.Build.0 = Release|Win32
		{230F49A7-2269-4CD9-96C2-2560E0533F42}.Debug|x64.ActiveCfg = Debug|x64
		{230F49A7-2269-4CD9-96C2-2560E0533F42}.Debug|x64.Build.0 = Debug|x64
		{230F49A7-2269-4CD9-96C2-2560E0533F42}.Debug|x86.ActiveCfg = Debug|Win32
		{230F49A7-2269-4CD9-96C2-2560E0533F42}.Debug|x86.Build.0 = Debug|Win32
		{230F49A7-2269-4CD9-96C2-2560E0533F42}.Release|x64.ActiveCfg = Release|x64
		{230F49A7-2269-4CD9-96C2-2560E0533F42}.Release|x64.Build.0 = Release|x64
		{230F49A7-2269-4CD9-96C2-2560E0533F42}.Release|x86.ActiveCfg = Release|Win32
		{230F49A7-2269-4CD9-96C2-2560E0533F42}.Release|x86.Build.0 = Release|Win32
		{CB21BCA3-87F6-4CD9-BB25-6A02E2ABE9DC}.Debug|x64.ActiveCfg = Debug|x64
		{CB21BCA3-87F6-4CD9-BB25-6A02E2ABE9DC}.Debug|x64.Build.0 = Debug|x64
		{CB21BCA3-87F6-4CD9-BB25-6A02E2ABE9DC}.Debug|x86.ActiveCfg = Debug|Win32
		{CB21BCA3-87F6-4CD9-BB25-6A02E2ABE9DC}.Debug|x86.Build.0 = Debug|Win32
		{CB21BCA3-87F6-4CD9-BB25-6A02E2ABE9DC}.Release|x64.ActiveCfg = Release|x64
		{CB21BCA3-87F6-4CD9-BB25-6A02E2ABE9DC}.Release|x64.Build.0 = Release|x64
		{CB21BCA3-87F6-4CD9-BB25-6A02E2ABE9DC}.Release|x86.ActiveCfg = Release|Win32
		{CB21BCA3-87F6-4CD9-BB25-6A02E2ABE9DC}.Release|x86.Build.0 = Release|Win32
		{DCA27648-F838-4EF0-B780-5B12683B98CD}.Debug|x64.ActiveCfg = Debug|x64
		{DCA27648-F838-4EF0-B780-5B12683B98CD}.Debug|x64.Build.0 = Debug|x64
		{DCA27648-F838-4EF0-B780-5B12683B98CD}.Debug|x86.ActiveCfg = Debug|Win32
		{DCA27648-F838-4EF0-B780-5B12683B98CD}.Debug|x86.Build.0 = Debug|Win32
		{DCA27648-F838-4EF0-B780-5B12683B98CD}.Release|x64.ActiveCfg = Release|x64
		{DCA27648-F838-4EF0-B780-5B12683B98CD}.Release|x64.Build.0 = Release|x64
		{DCA27648-F838-4EF0-B780-5B12683B98CD}.Release|x86.ActiveCfg = Release|Win32
		{DCA27648-F838-4EF0-B780-5B12683B98CD}.Release|x86.Build.0 = Release|Win32
		{92D385A3-BF3D-4794-BF6E-B19148F950CE}.Debug|x64.ActiveCfg = Debug|x64
		{92D385A3-BF3D-4794-BF6E-B19148F950CE}.Debug|x64.Build.0 = Debug|x64
		{92D385A3-BF3D-4794-BF6E-B19148F950CE}.Debug|x86.ActiveCfg = Debug|Win32
		{92D385A3-BF3D-4794-BF6E-B19148F950CE}.Debug|x86.Build.0 = Debug|Win32
		{92D385A3-BF3D-4794-BF6E-B19148F950CE}.Release|x64.ActiveCfg = Release|x64
		{92D385A3-BF3D-4794-BF6E-B19148F950CE}.Release|x64.Build.0 = Release|x64
		{92D385A3-BF3D-4794-BF6E-B19148F950CE}.Release|x86.ActiveCfg = Release|Win32
		{92D385A3-BF3D-4794-BF6E-B19148F950CE}.Release|x86.Build.0 = Release|Win32
	EndGlobalSection
	GlobalSection(SolutionProperties) = preSolution
		HideSolutionNode = FALSE
	EndGlobalSection
	GlobalSection(NestedProjects) = preSolution
		{76427869-A0CE-46C2-9721-86618419361C} = {A51217C8-FD5D-4CF7-BEEE-C7572840B5F8}
		{A51217C8-FD5D-4CF7-BEEE-C7572840B5F8} = {E58ED74C-3801-4585-A3BD-8111786E6E34}
		{9F7F78FE-4C6D-48B1-84C8-432BAC8F2CFF} = {E58ED74C-3801-4585-A3BD-8111786E6E34}
		{413EE6FC-EDF6-4B38-8560-43A5B33AA1C5} = {9F7F78FE-4C6D-48B1-84C8-432BAC8F2CFF}
		{D09F42B8-E2D8-4C3A-A7BA-4150F4950AAA} = {9F7F78FE-4C6D-48B1-84C8-432BAC8F2CFF}
		{5C336447-C9F4-43FB-9325-4A7A8F788351} = {E58ED74C-3801-4585-A3BD-8111786E6E34}
		{0AFFABD0-75B8-435E-B6EC-C22B2E12D59C} = {5C336447-C9F4-43FB-9325-4A7A8F788351}
		{230F49A7-2269-4CD9-96C2-2560E0533F42} = {5C336447-C9F4-43FB-9325-4A7A8F788351}
		{6F53FA16-1753-4111-8D6A-A6D26A9F8009} = {E58ED74C-3801-4585-A3BD-8111786E6E34}
		{CB21BCA3-87F6-4CD9-BB25-6A02E2ABE9DC} = {6F53FA16-1753-4111-8D6A-A6D26A9F8009}
		{B4EA1B38-8EE4-45DC-BD09-58B9137609DF} = {B38576A6-50FF-4DEF-9293-AFEDC99B4F59}
		{DCA27648-F838-4EF0-B780-5B12683B98CD} = {B4EA1B38-8EE4-45DC-BD09-58B9137609DF}
		{F3A0FB7C-2CCE-4EA2-A779-CE120BCBAFE3} = {B38576A6-50FF-4DEF-9293-AFEDC99B4F59}
		{92D385A3-BF3D-4794-BF6E-B19148F950CE} = {F3A0FB7C-2CCE-4EA2-A779-CE120BCBAFE3}
	EndGlobalSection
	GlobalSection(ExtensibilityGlobals) = postSolution
		SolutionGuid = {F831C5BB-06D8-4E92-8BA8-2D344F763BF1}
	EndGlobalSection
EndGlobal
